
Microsoft Visual Studio Solution File, Format Version 12.00
# Visual Studio 15
VisualStudioVersion = 15.0.28307.421
MinimumVisualStudioVersion = 10.0.40219.1
Project("{FAE04EC0-301F-11D3-BF4B-00C04F79EFBC}") = "GraMonolitycznie", "GraMonolitycznie\GraMonolitycznie.csproj", "{7D3AFCC5-A8EE-471C-8FAC-9F2B569E403A}"
EndProject
Project("{FAE04EC0-301F-11D3-BF4B-00C04F79EFBC}") = "GraProceduralnie", "GraProceduralnie\GraProceduralnie.csproj", "{5B030796-7869-4BDF-8EE8-240C4C2A5A31}"
EndProject
Project("{FAE04EC0-301F-11D3-BF4B-00C04F79EFBC}") = "ModelGry", "ClassLibrary1\ModelGry.csproj", "{1B8C0CB7-0CBE-4B32-A899-26AD21C1A3D2}"
EndProject
Project("{FAE04EC0-301F-11D3-BF4B-00C04F79EFBC}") = "UnitTestProjectModelGry", "UnitTestProject1\UnitTestProjectModelGry.csproj", "{F8D4616E-587F-4C93-A76F-5B76048B12F0}"
EndProject
Project("{FAE04EC0-301F-11D3-BF4B-00C04F79EFBC}") = "WindowsFormsApp1", "WindowsFormsApp1\WindowsFormsApp1.csproj", "{F1D7E6BE-7BB3-4674-9E3E-EA42519BEC94}"
EndProject
Global
	GlobalSection(SolutionConfigurationPlatforms) = preSolution
		Debug|Any CPU = Debug|Any CPU
		Release|Any CPU = Release|Any CPU
	EndGlobalSection
	GlobalSection(ProjectConfigurationPlatforms) = postSolution
		{7D3AFCC5-A8EE-471C-8FAC-9F2B569E403A}.Debug|Any CPU.ActiveCfg = Debug|Any CPU
		{7D3AFCC5-A8EE-471C-8FAC-9F2B569E403A}.Debug|Any CPU.Build.0 = Debug|Any CPU
		{7D3AFCC5-A8EE-471C-8FAC-9F2B569E403A}.Release|Any CPU.ActiveCfg = Release|Any CPU
		{7D3AFCC5-A8EE-471C-8FAC-9F2B569E403A}.Release|Any CPU.Build.0 = Release|Any CPU
		{5B030796-7869-4BDF-8EE8-240C4C2A5A31}.Debug|Any CPU.ActiveCfg = Debug|Any CPU
		{5B030796-7869-4BDF-8EE8-240C4C2A5A31}.Debug|Any CPU.Build.0 = Debug|Any CPU
		{5B030796-7869-4BDF-8EE8-240C4C2A5A31}.Release|Any CPU.ActiveCfg = Release|Any CPU
		{5B030796-7869-4BDF-8EE8-240C4C2A5A31}.Release|Any CPU.Build.0 = Release|Any CPU
		{1B8C0CB7-0CBE-4B32-A899-26AD21C1A3D2}.Debug|Any CPU.ActiveCfg = Debug|Any CPU
		{1B8C0CB7-0CBE-4B32-A899-26AD21C1A3D2}.Debug|Any CPU.Build.0 = Debug|Any CPU
		{1B8C0CB7-0CBE-4B32-A899-26AD21C1A3D2}.Release|Any CPU.ActiveCfg = Release|Any CPU
		{1B8C0CB7-0CBE-4B32-A899-26AD21C1A3D2}.Release|Any CPU.Build.0 = Release|Any CPU
		{F8D4616E-587F-4C93-A76F-5B76048B12F0}.Debug|Any CPU.ActiveCfg = Debug|Any CPU
		{F8D4616E-587F-4C93-A76F-5B76048B12F0}.Debug|Any CPU.Build.0 = Debug|Any CPU
		{F8D4616E-587F-4C93-A76F-5B76048B12F0}.Release|Any CPU.ActiveCfg = Release|Any CPU
		{F8D4616E-587F-4C93-A76F-5B76048B12F0}.Release|Any CPU.Build.0 = Release|Any CPU
		{F1D7E6BE-7BB3-4674-9E3E-EA42519BEC94}.Debug|Any CPU.ActiveCfg = Debug|Any CPU
		{F1D7E6BE-7BB3-4674-9E3E-EA42519BEC94}.Debug|Any CPU.Build.0 = Debug|Any CPU
		{F1D7E6BE-7BB3-4674-9E3E-EA42519BEC94}.Release|Any CPU.ActiveCfg = Release|Any CPU
		{F1D7E6BE-7BB3-4674-9E3E-EA42519BEC94}.Release|Any CPU.Build.0 = Release|Any CPU
	EndGlobalSection
	GlobalSection(SolutionProperties) = preSolution
		HideSolutionNode = FALSE
	EndGlobalSection
	GlobalSection(ExtensibilityGlobals) = postSolution
		SolutionGuid = {2900FCFF-3C63-4862-ACE0-E8DDD2E6BF1A}
	EndGlobalSection
EndGlobal
